// !$*UTF8*$!
{
	archiveVersion = 1;
	classes = {
	};
	objectVersion = 50;
	objects = {

/* Begin PBXBuildFile section */
		9144659221CBF4BE00CBBEFA /* AppDelegate.swift in Sources */ = {isa = PBXBuildFile; fileRef = 9144659121CBF4BE00CBBEFA /* AppDelegate.swift */; };
		9144659421CBF4BE00CBBEFA /* ViewController.swift in Sources */ = {isa = PBXBuildFile; fileRef = 9144659321CBF4BE00CBBEFA /* ViewController.swift */; };
		9144659721CBF4BE00CBBEFA /* Main.storyboard in Resources */ = {isa = PBXBuildFile; fileRef = 9144659521CBF4BE00CBBEFA /* Main.storyboard */; };
		9144659921CBF4BF00CBBEFA /* Assets.xcassets in Resources */ = {isa = PBXBuildFile; fileRef = 9144659821CBF4BF00CBBEFA /* Assets.xcassets */; };
		9144659C21CBF4BF00CBBEFA /* LaunchScreen.storyboard in Resources */ = {isa = PBXBuildFile; fileRef = 9144659A21CBF4BF00CBBEFA /* LaunchScreen.storyboard */; };
		914465A721CBF4BF00CBBEFA /* grayscale_1channel_sampleTests.swift in Sources */ = {isa = PBXBuildFile; fileRef = 914465A621CBF4BF00CBBEFA /* grayscale_1channel_sampleTests.swift */; };
		914465B221CBF4BF00CBBEFA /* grayscale_1channel_sampleUITests.swift in Sources */ = {isa = PBXBuildFile; fileRef = 914465B121CBF4BF00CBBEFA /* grayscale_1channel_sampleUITests.swift */; };
		914465C021CBF4EF00CBBEFA /* VideoCapture.swift in Sources */ = {isa = PBXBuildFile; fileRef = 914465BF21CBF4EF00CBBEFA /* VideoCapture.swift */; };
		914465C221CBF51B00CBBEFA /* ImageProcessor.swift in Sources */ = {isa = PBXBuildFile; fileRef = 914465C121CBF51B00CBBEFA /* ImageProcessor.swift */; };
		914465C421CBF55000CBBEFA /* Utils.swift in Sources */ = {isa = PBXBuildFile; fileRef = 914465C321CBF55000CBBEFA /* Utils.swift */; };
		914465C721CBF5DB00CBBEFA /* vImageProcessor.swift in Sources */ = {isa = PBXBuildFile; fileRef = 914465C621CBF5DB00CBBEFA /* vImageProcessor.swift */; };
/* End PBXBuildFile section */

/* Begin PBXContainerItemProxy section */
		914465A321CBF4BF00CBBEFA /* PBXContainerItemProxy */ = {
			isa = PBXContainerItemProxy;
			containerPortal = 9144658621CBF4BE00CBBEFA /* Project object */;
			proxyType = 1;
			remoteGlobalIDString = 9144658D21CBF4BE00CBBEFA;
			remoteInfo = "grayscale-1channel-sample";
		};
		914465AE21CBF4BF00CBBEFA /* PBXContainerItemProxy */ = {
			isa = PBXContainerItemProxy;
			containerPortal = 9144658621CBF4BE00CBBEFA /* Project object */;
			proxyType = 1;
			remoteGlobalIDString = 9144658D21CBF4BE00CBBEFA;
			remoteInfo = "grayscale-1channel-sample";
		};
/* End PBXContainerItemProxy section */

/* Begin PBXFileReference section */
		9144658E21CBF4BE00CBBEFA /* grayscale-1channel-sample.app */ = {isa = PBXFileReference; explicitFileType = wrapper.application; includeInIndex = 0; path = "grayscale-1channel-sample.app"; sourceTree = BUILT_PRODUCTS_DIR; };
		9144659121CBF4BE00CBBEFA /* AppDelegate.swift */ = {isa = PBXFileReference; lastKnownFileType = sourcecode.swift; path = AppDelegate.swift; sourceTree = "<group>"; };
		9144659321CBF4BE00CBBEFA /* ViewController.swift */ = {isa = PBXFileReference; lastKnownFileType = sourcecode.swift; path = ViewController.swift; sourceTree = "<group>"; };
		9144659621CBF4BE00CBBEFA /* Base */ = {isa = PBXFileReference; lastKnownFileType = file.storyboard; name = Base; path = Base.lproj/Main.storyboard; sourceTree = "<group>"; };
		9144659821CBF4BF00CBBEFA /* Assets.xcassets */ = {isa = PBXFileReference; lastKnownFileType = folder.assetcatalog; path = Assets.xcassets; sourceTree = "<group>"; };
		9144659B21CBF4BF00CBBEFA /* Base */ = {isa = PBXFileReference; lastKnownFileType = file.storyboard; name = Base; path = Base.lproj/LaunchScreen.storyboard; sourceTree = "<group>"; };
		9144659D21CBF4BF00CBBEFA /* Info.plist */ = {isa = PBXFileReference; lastKnownFileType = text.plist.xml; path = Info.plist; sourceTree = "<group>"; };
		914465A221CBF4BF00CBBEFA /* grayscale-1channel-sampleTests.xctest */ = {isa = PBXFileReference; explicitFileType = wrapper.cfbundle; includeInIndex = 0; path = "grayscale-1channel-sampleTests.xctest"; sourceTree = BUILT_PRODUCTS_DIR; };
		914465A621CBF4BF00CBBEFA /* grayscale_1channel_sampleTests.swift */ = {isa = PBXFileReference; lastKnownFileType = sourcecode.swift; path = grayscale_1channel_sampleTests.swift; sourceTree = "<group>"; };
		914465A821CBF4BF00CBBEFA /* Info.plist */ = {isa = PBXFileReference; lastKnownFileType = text.plist.xml; path = Info.plist; sourceTree = "<group>"; };
		914465AD21CBF4BF00CBBEFA /* grayscale-1channel-sampleUITests.xctest */ = {isa = PBXFileReference; explicitFileType = wrapper.cfbundle; includeInIndex = 0; path = "grayscale-1channel-sampleUITests.xctest"; sourceTree = BUILT_PRODUCTS_DIR; };
		914465B121CBF4BF00CBBEFA /* grayscale_1channel_sampleUITests.swift */ = {isa = PBXFileReference; lastKnownFileType = sourcecode.swift; path = grayscale_1channel_sampleUITests.swift; sourceTree = "<group>"; };
		914465B321CBF4BF00CBBEFA /* Info.plist */ = {isa = PBXFileReference; lastKnownFileType = text.plist.xml; path = Info.plist; sourceTree = "<group>"; };
		914465BF21CBF4EF00CBBEFA /* VideoCapture.swift */ = {isa = PBXFileReference; lastKnownFileType = sourcecode.swift; path = VideoCapture.swift; sourceTree = "<group>"; };
		914465C121CBF51B00CBBEFA /* ImageProcessor.swift */ = {isa = PBXFileReference; lastKnownFileType = sourcecode.swift; path = ImageProcessor.swift; sourceTree = "<group>"; };
		914465C321CBF55000CBBEFA /* Utils.swift */ = {isa = PBXFileReference; lastKnownFileType = sourcecode.swift; path = Utils.swift; sourceTree = "<group>"; };
		914465C621CBF5DB00CBBEFA /* vImageProcessor.swift */ = {isa = PBXFileReference; lastKnownFileType = sourcecode.swift; path = vImageProcessor.swift; sourceTree = "<group>"; };
/* End PBXFileReference section */

/* Begin PBXFrameworksBuildPhase section */
		9144658B21CBF4BE00CBBEFA /* Frameworks */ = {
			isa = PBXFrameworksBuildPhase;
			buildActionMask = 2147483647;
			files = (
			);
			runOnlyForDeploymentPostprocessing = 0;
		};
		9144659F21CBF4BF00CBBEFA /* Frameworks */ = {
			isa = PBXFrameworksBuildPhase;
			buildActionMask = 2147483647;
			files = (
			);
			runOnlyForDeploymentPostprocessing = 0;
		};
		914465AA21CBF4BF00CBBEFA /* Frameworks */ = {
			isa = PBXFrameworksBuildPhase;
			buildActionMask = 2147483647;
			files = (
			);
			runOnlyForDeploymentPostprocessing = 0;
		};
/* End PBXFrameworksBuildPhase section */

/* Begin PBXGroup section */
		9144658521CBF4BE00CBBEFA = {
			isa = PBXGroup;
			children = (
				9144659021CBF4BE00CBBEFA /* grayscale-1channel-sample */,
				914465A521CBF4BF00CBBEFA /* grayscale-1channel-sampleTests */,
				914465B021CBF4BF00CBBEFA /* grayscale-1channel-sampleUITests */,
				9144658F21CBF4BE00CBBEFA /* Products */,
			);
			sourceTree = "<group>";
		};
		9144658F21CBF4BE00CBBEFA /* Products */ = {
			isa = PBXGroup;
			children = (
				9144658E21CBF4BE00CBBEFA /* grayscale-1channel-sample.app */,
				914465A221CBF4BF00CBBEFA /* grayscale-1channel-sampleTests.xctest */,
				914465AD21CBF4BF00CBBEFA /* grayscale-1channel-sampleUITests.xctest */,
			);
			name = Products;
			sourceTree = "<group>";
		};
		9144659021CBF4BE00CBBEFA /* grayscale-1channel-sample */ = {
			isa = PBXGroup;
			children = (
				9144659121CBF4BE00CBBEFA /* AppDelegate.swift */,
				9144659321CBF4BE00CBBEFA /* ViewController.swift */,
				914465C821CBF5EF00CBBEFA /* VideoCapture */,
				914465C521CBF5CC00CBBEFA /* Processor */,
				914465CA21CBF61000CBBEFA /* Utils */,
				914465C921CBF5FE00CBBEFA /* Supporting Files */,
			);
			path = "grayscale-1channel-sample";
			sourceTree = "<group>";
		};
		914465A521CBF4BF00CBBEFA /* grayscale-1channel-sampleTests */ = {
			isa = PBXGroup;
			children = (
				914465A621CBF4BF00CBBEFA /* grayscale_1channel_sampleTests.swift */,
				914465A821CBF4BF00CBBEFA /* Info.plist */,
			);
			path = "grayscale-1channel-sampleTests";
			sourceTree = "<group>";
		};
		914465B021CBF4BF00CBBEFA /* grayscale-1channel-sampleUITests */ = {
			isa = PBXGroup;
			children = (
				914465B121CBF4BF00CBBEFA /* grayscale_1channel_sampleUITests.swift */,
				914465B321CBF4BF00CBBEFA /* Info.plist */,
			);
			path = "grayscale-1channel-sampleUITests";
			sourceTree = "<group>";
		};
		914465C521CBF5CC00CBBEFA /* Processor */ = {
			isa = PBXGroup;
			children = (
				914465C121CBF51B00CBBEFA /* ImageProcessor.swift */,
				914465C621CBF5DB00CBBEFA /* vImageProcessor.swift */,
			);
			path = Processor;
			sourceTree = "<group>";
		};
		914465C821CBF5EF00CBBEFA /* VideoCapture */ = {
			isa = PBXGroup;
			children = (
				914465BF21CBF4EF00CBBEFA /* VideoCapture.swift */,
			);
			path = VideoCapture;
			sourceTree = "<group>";
		};
		914465C921CBF5FE00CBBEFA /* Supporting Files */ = {
			isa = PBXGroup;
			children = (
				9144659821CBF4BF00CBBEFA /* Assets.xcassets */,
				9144659521CBF4BE00CBBEFA /* Main.storyboard */,
				9144659A21CBF4BF00CBBEFA /* LaunchScreen.storyboard */,
				9144659D21CBF4BF00CBBEFA /* Info.plist */,
			);
			path = "Supporting Files";
			sourceTree = "<group>";
		};
		914465CA21CBF61000CBBEFA /* Utils */ = {
			isa = PBXGroup;
			children = (
				914465C321CBF55000CBBEFA /* Utils.swift */,
			);
			path = Utils;
			sourceTree = "<group>";
		};
/* End PBXGroup section */

/* Begin PBXNativeTarget section */
		9144658D21CBF4BE00CBBEFA /* grayscale-1channel-sample */ = {
			isa = PBXNativeTarget;
			buildConfigurationList = 914465B621CBF4BF00CBBEFA /* Build configuration list for PBXNativeTarget "grayscale-1channel-sample" */;
			buildPhases = (
				9144658A21CBF4BE00CBBEFA /* Sources */,
				9144658B21CBF4BE00CBBEFA /* Frameworks */,
				9144658C21CBF4BE00CBBEFA /* Resources */,
			);
			buildRules = (
			);
			dependencies = (
			);
			name = "grayscale-1channel-sample";
			productName = "grayscale-1channel-sample";
			productReference = 9144658E21CBF4BE00CBBEFA /* grayscale-1channel-sample.app */;
			productType = "com.apple.product-type.application";
		};
		914465A121CBF4BF00CBBEFA /* grayscale-1channel-sampleTests */ = {
			isa = PBXNativeTarget;
			buildConfigurationList = 914465B921CBF4BF00CBBEFA /* Build configuration list for PBXNativeTarget "grayscale-1channel-sampleTests" */;
			buildPhases = (
				9144659E21CBF4BF00CBBEFA /* Sources */,
				9144659F21CBF4BF00CBBEFA /* Frameworks */,
				914465A021CBF4BF00CBBEFA /* Resources */,
			);
			buildRules = (
			);
			dependencies = (
				914465A421CBF4BF00CBBEFA /* PBXTargetDependency */,
			);
			name = "grayscale-1channel-sampleTests";
			productName = "grayscale-1channel-sampleTests";
			productReference = 914465A221CBF4BF00CBBEFA /* grayscale-1channel-sampleTests.xctest */;
			productType = "com.apple.product-type.bundle.unit-test";
		};
		914465AC21CBF4BF00CBBEFA /* grayscale-1channel-sampleUITests */ = {
			isa = PBXNativeTarget;
			buildConfigurationList = 914465BC21CBF4BF00CBBEFA /* Build configuration list for PBXNativeTarget "grayscale-1channel-sampleUITests" */;
			buildPhases = (
				914465A921CBF4BF00CBBEFA /* Sources */,
				914465AA21CBF4BF00CBBEFA /* Frameworks */,
				914465AB21CBF4BF00CBBEFA /* Resources */,
			);
			buildRules = (
			);
			dependencies = (
				914465AF21CBF4BF00CBBEFA /* PBXTargetDependency */,
			);
			name = "grayscale-1channel-sampleUITests";
			productName = "grayscale-1channel-sampleUITests";
			productReference = 914465AD21CBF4BF00CBBEFA /* grayscale-1channel-sampleUITests.xctest */;
			productType = "com.apple.product-type.bundle.ui-testing";
		};
/* End PBXNativeTarget section */

/* Begin PBXProject section */
		9144658621CBF4BE00CBBEFA /* Project object */ = {
			isa = PBXProject;
			attributes = {
				LastSwiftUpdateCheck = 1010;
				LastUpgradeCheck = 1010;
				ORGANIZATIONNAME = dumbass;
				TargetAttributes = {
					9144658D21CBF4BE00CBBEFA = {
						CreatedOnToolsVersion = 10.1;
					};
					914465A121CBF4BF00CBBEFA = {
						CreatedOnToolsVersion = 10.1;
						TestTargetID = 9144658D21CBF4BE00CBBEFA;
					};
					914465AC21CBF4BF00CBBEFA = {
						CreatedOnToolsVersion = 10.1;
						TestTargetID = 9144658D21CBF4BE00CBBEFA;
					};
				};
			};
			buildConfigurationList = 9144658921CBF4BE00CBBEFA /* Build configuration list for PBXProject "grayscale-1channel-sample" */;
			compatibilityVersion = "Xcode 9.3";
			developmentRegion = en;
			hasScannedForEncodings = 0;
			knownRegions = (
				en,
				Base,
			);
			mainGroup = 9144658521CBF4BE00CBBEFA;
			productRefGroup = 9144658F21CBF4BE00CBBEFA /* Products */;
			projectDirPath = "";
			projectRoot = "";
			targets = (
				9144658D21CBF4BE00CBBEFA /* grayscale-1channel-sample */,
				914465A121CBF4BF00CBBEFA /* grayscale-1channel-sampleTests */,
				914465AC21CBF4BF00CBBEFA /* grayscale-1channel-sampleUITests */,
			);
		};
/* End PBXProject section */

/* Begin PBXResourcesBuildPhase section */
		9144658C21CBF4BE00CBBEFA /* Resources */ = {
			isa = PBXResourcesBuildPhase;
			buildActionMask = 2147483647;
			files = (
				9144659C21CBF4BF00CBBEFA /* LaunchScreen.storyboard in Resources */,
				9144659921CBF4BF00CBBEFA /* Assets.xcassets in Resources */,
				9144659721CBF4BE00CBBEFA /* Main.storyboard in Resources */,
			);
			runOnlyForDeploymentPostprocessing = 0;
		};
		914465A021CBF4BF00CBBEFA /* Resources */ = {
			isa = PBXResourcesBuildPhase;
			buildActionMask = 2147483647;
			files = (
			);
			runOnlyForDeploymentPostprocessing = 0;
		};
		914465AB21CBF4BF00CBBEFA /* Resources */ = {
			isa = PBXResourcesBuildPhase;
			buildActionMask = 2147483647;
			files = (
			);
			runOnlyForDeploymentPostprocessing = 0;
		};
/* End PBXResourcesBuildPhase section */

/* Begin PBXSourcesBuildPhase section */
		9144658A21CBF4BE00CBBEFA /* Sources */ = {
			isa = PBXSourcesBuildPhase;
			buildActionMask = 2147483647;
			files = (
				914465C421CBF55000CBBEFA /* Utils.swift in Sources */,
				914465C721CBF5DB00CBBEFA /* vImageProcessor.swift in Sources */,
				9144659421CBF4BE00CBBEFA /* ViewController.swift in Sources */,
				914465C021CBF4EF00CBBEFA /* VideoCapture.swift in Sources */,
				914465C221CBF51B00CBBEFA /* ImageProcessor.swift in Sources */,
				9144659221CBF4BE00CBBEFA /* AppDelegate.swift in Sources */,
			);
			runOnlyForDeploymentPostprocessing = 0;
		};
		9144659E21CBF4BF00CBBEFA /* Sources */ = {
			isa = PBXSourcesBuildPhase;
			buildActionMask = 2147483647;
			files = (
				914465A721CBF4BF00CBBEFA /* grayscale_1channel_sampleTests.swift in Sources */,
			);
			runOnlyForDeploymentPostprocessing = 0;
		};
		914465A921CBF4BF00CBBEFA /* Sources */ = {
			isa = PBXSourcesBuildPhase;
			buildActionMask = 2147483647;
			files = (
				914465B221CBF4BF00CBBEFA /* grayscale_1channel_sampleUITests.swift in Sources */,
			);
			runOnlyForDeploymentPostprocessing = 0;
		};
/* End PBXSourcesBuildPhase section */

/* Begin PBXTargetDependency section */
		914465A421CBF4BF00CBBEFA /* PBXTargetDependency */ = {
			isa = PBXTargetDependency;
			target = 9144658D21CBF4BE00CBBEFA /* grayscale-1channel-sample */;
			targetProxy = 914465A321CBF4BF00CBBEFA /* PBXContainerItemProxy */;
		};
		914465AF21CBF4BF00CBBEFA /* PBXTargetDependency */ = {
			isa = PBXTargetDependency;
			target = 9144658D21CBF4BE00CBBEFA /* grayscale-1channel-sample */;
			targetProxy = 914465AE21CBF4BF00CBBEFA /* PBXContainerItemProxy */;
		};
/* End PBXTargetDependency section */

/* Begin PBXVariantGroup section */
		9144659521CBF4BE00CBBEFA /* Main.storyboard */ = {
			isa = PBXVariantGroup;
			children = (
				9144659621CBF4BE00CBBEFA /* Base */,
			);
			name = Main.storyboard;
			sourceTree = "<group>";
		};
		9144659A21CBF4BF00CBBEFA /* LaunchScreen.storyboard */ = {
			isa = PBXVariantGroup;
			children = (
				9144659B21CBF4BF00CBBEFA /* Base */,
			);
			name = LaunchScreen.storyboard;
			sourceTree = "<group>";
		};
/* End PBXVariantGroup section */

/* Begin XCBuildConfiguration section */
		914465B421CBF4BF00CBBEFA /* Debug */ = {
			isa = XCBuildConfiguration;
			buildSettings = {
				ALWAYS_SEARCH_USER_PATHS = NO;
				CLANG_ANALYZER_NONNULL = YES;
				CLANG_ANALYZER_NUMBER_OBJECT_CONVERSION = YES_AGGRESSIVE;
				CLANG_CXX_LANGUAGE_STANDARD = "gnu++14";
				CLANG_CXX_LIBRARY = "libc++";
				CLANG_ENABLE_MODULES = YES;
				CLANG_ENABLE_OBJC_ARC = YES;
				CLANG_ENABLE_OBJC_WEAK = YES;
				CLANG_WARN_BLOCK_CAPTURE_AUTORELEASING = YES;
				CLANG_WARN_BOOL_CONVERSION = YES;
				CLANG_WARN_COMMA = YES;
				CLANG_WARN_CONSTANT_CONVERSION = YES;
				CLANG_WARN_DEPRECATED_OBJC_IMPLEMENTATIONS = YES;
				CLANG_WARN_DIRECT_OBJC_ISA_USAGE = YES_ERROR;
				CLANG_WARN_DOCUMENTATION_COMMENTS = YES;
				CLANG_WARN_EMPTY_BODY = YES;
				CLANG_WARN_ENUM_CONVERSION = YES;
				CLANG_WARN_INFINITE_RECURSION = YES;
				CLANG_WARN_INT_CONVERSION = YES;
				CLANG_WARN_NON_LITERAL_NULL_CONVERSION = YES;
				CLANG_WARN_OBJC_IMPLICIT_RETAIN_SELF = YES;
				CLANG_WARN_OBJC_LITERAL_CONVERSION = YES;
				CLANG_WARN_OBJC_ROOT_CLASS = YES_ERROR;
				CLANG_WARN_RANGE_LOOP_ANALYSIS = YES;
				CLANG_WARN_STRICT_PROTOTYPES = YES;
				CLANG_WARN_SUSPICIOUS_MOVE = YES;
				CLANG_WARN_UNGUARDED_AVAILABILITY = YES_AGGRESSIVE;
				CLANG_WARN_UNREACHABLE_CODE = YES;
				CLANG_WARN__DUPLICATE_METHOD_MATCH = YES;
				CODE_SIGN_IDENTITY = "iPhone Developer";
				COPY_PHASE_STRIP = NO;
				DEBUG_INFORMATION_FORMAT = dwarf;
				ENABLE_STRICT_OBJC_MSGSEND = YES;
				ENABLE_TESTABILITY = YES;
				GCC_C_LANGUAGE_STANDARD = gnu11;
				GCC_DYNAMIC_NO_PIC = NO;
				GCC_NO_COMMON_BLOCKS = YES;
				GCC_OPTIMIZATION_LEVEL = 0;
				GCC_PREPROCESSOR_DEFINITIONS = (
					"DEBUG=1",
					"$(inherited)",
				);
				GCC_WARN_64_TO_32_BIT_CONVERSION = YES;
				GCC_WARN_ABOUT_RETURN_TYPE = YES_ERROR;
				GCC_WARN_UNDECLARED_SELECTOR = YES;
				GCC_WARN_UNINITIALIZED_AUTOS = YES_AGGRESSIVE;
				GCC_WARN_UNUSED_FUNCTION = YES;
				GCC_WARN_UNUSED_VARIABLE = YES;
				IPHONEOS_DEPLOYMENT_TARGET = 12.1;
				MTL_ENABLE_DEBUG_INFO = INCLUDE_SOURCE;
				MTL_FAST_MATH = YES;
				ONLY_ACTIVE_ARCH = YES;
				SDKROOT = iphoneos;
				SWIFT_ACTIVE_COMPILATION_CONDITIONS = DEBUG;
				SWIFT_OPTIMIZATION_LEVEL = "-Onone";
			};
			name = Debug;
		};
		914465B521CBF4BF00CBBEFA /* Release */ = {
			isa = XCBuildConfiguration;
			buildSettings = {
				ALWAYS_SEARCH_USER_PATHS = NO;
				CLANG_ANALYZER_NONNULL = YES;
				CLANG_ANALYZER_NUMBER_OBJECT_CONVERSION = YES_AGGRESSIVE;
				CLANG_CXX_LANGUAGE_STANDARD = "gnu++14";
				CLANG_CXX_LIBRARY = "libc++";
				CLANG_ENABLE_MODULES = YES;
				CLANG_ENABLE_OBJC_ARC = YES;
				CLANG_ENABLE_OBJC_WEAK = YES;
				CLANG_WARN_BLOCK_CAPTURE_AUTORELEASING = YES;
				CLANG_WARN_BOOL_CONVERSION = YES;
				CLANG_WARN_COMMA = YES;
				CLANG_WARN_CONSTANT_CONVERSION = YES;
				CLANG_WARN_DEPRECATED_OBJC_IMPLEMENTATIONS = YES;
				CLANG_WARN_DIRECT_OBJC_ISA_USAGE = YES_ERROR;
				CLANG_WARN_DOCUMENTATION_COMMENTS = YES;
				CLANG_WARN_EMPTY_BODY = YES;
				CLANG_WARN_ENUM_CONVERSION = YES;
				CLANG_WARN_INFINITE_RECURSION = YES;
				CLANG_WARN_INT_CONVERSION = YES;
				CLANG_WARN_NON_LITERAL_NULL_CONVERSION = YES;
				CLANG_WARN_OBJC_IMPLICIT_RETAIN_SELF = YES;
				CLANG_WARN_OBJC_LITERAL_CONVERSION = YES;
				CLANG_WARN_OBJC_ROOT_CLASS = YES_ERROR;
				CLANG_WARN_RANGE_LOOP_ANALYSIS = YES;
				CLANG_WARN_STRICT_PROTOTYPES = YES;
				CLANG_WARN_SUSPICIOUS_MOVE = YES;
				CLANG_WARN_UNGUARDED_AVAILABILITY = YES_AGGRESSIVE;
				CLANG_WARN_UNREACHABLE_CODE = YES;
				CLANG_WARN__DUPLICATE_METHOD_MATCH = YES;
				CODE_SIGN_IDENTITY = "iPhone Developer";
				COPY_PHASE_STRIP = NO;
				DEBUG_INFORMATION_FORMAT = "dwarf-with-dsym";
				ENABLE_NS_ASSERTIONS = NO;
				ENABLE_STRICT_OBJC_MSGSEND = YES;
				GCC_C_LANGUAGE_STANDARD = gnu11;
				GCC_NO_COMMON_BLOCKS = YES;
				GCC_WARN_64_TO_32_BIT_CONVERSION = YES;
				GCC_WARN_ABOUT_RETURN_TYPE = YES_ERROR;
				GCC_WARN_UNDECLARED_SELECTOR = YES;
				GCC_WARN_UNINITIALIZED_AUTOS = YES_AGGRESSIVE;
				GCC_WARN_UNUSED_FUNCTION = YES;
				GCC_WARN_UNUSED_VARIABLE = YES;
				IPHONEOS_DEPLOYMENT_TARGET = 12.1;
				MTL_ENABLE_DEBUG_INFO = NO;
				MTL_FAST_MATH = YES;
				SDKROOT = iphoneos;
				SWIFT_COMPILATION_MODE = wholemodule;
				SWIFT_OPTIMIZATION_LEVEL = "-O";
				VALIDATE_PRODUCT = YES;
			};
			name = Release;
		};
		914465B721CBF4BF00CBBEFA /* Debug */ = {
			isa = XCBuildConfiguration;
			buildSettings = {
				ASSETCATALOG_COMPILER_APPICON_NAME = AppIcon;
				CODE_SIGN_STYLE = Automatic;
				DEVELOPMENT_TEAM = 8PJZBHFZQF;
				INFOPLIST_FILE = "grayscale-1channel-sample/Supporting Files/Info.plist";
				LD_RUNPATH_SEARCH_PATHS = (
					"$(inherited)",
					"@executable_path/Frameworks",
				);
				PRODUCT_BUNDLE_IDENTIFIER = "com.dumbass.grayscale-1channel-sample";
				PRODUCT_NAME = "$(TARGET_NAME)";
				SWIFT_VERSION = 4.2;
				TARGETED_DEVICE_FAMILY = "1,2";
			};
			name = Debug;
		};
		914465B821CBF4BF00CBBEFA /* Release */ = {
			isa = XCBuildConfiguration;
			buildSettings = {
				ASSETCATALOG_COMPILER_APPICON_NAME = AppIcon;
				CODE_SIGN_STYLE = Automatic;
				DEVELOPMENT_TEAM = 8PJZBHFZQF;
				INFOPLIST_FILE = "grayscale-1channel-sample/Supporting Files/Info.plist";
				LD_RUNPATH_SEARCH_PATHS = (
					"$(inherited)",
					"@executable_path/Frameworks",
				);
				PRODUCT_BUNDLE_IDENTIFIER = "com.dumbass.grayscale-1channel-sample";
				PRODUCT_NAME = "$(TARGET_NAME)";
				SWIFT_VERSION = 4.2;
				TARGETED_DEVICE_FAMILY = "1,2";
			};
			name = Release;
		};
		914465BA21CBF4BF00CBBEFA /* Debug */ = {
			isa = XCBuildConfiguration;
			buildSettings = {
				ALWAYS_EMBED_SWIFT_STANDARD_LIBRARIES = YES;
				BUNDLE_LOADER = "$(TEST_HOST)";
				CODE_SIGN_STYLE = Automatic;
				INFOPLIST_FILE = "grayscale-1channel-sampleTests/Info.plist";
				LD_RUNPATH_SEARCH_PATHS = (
					"$(inherited)",
					"@executable_path/Frameworks",
					"@loader_path/Frameworks",
				);
				PRODUCT_BUNDLE_IDENTIFIER = "com.dumbass.grayscale-1channel-sampleTests";
				PRODUCT_NAME = "$(TARGET_NAME)";
				SWIFT_VERSION = 4.2;
				TARGETED_DEVICE_FAMILY = "1,2";
				TEST_HOST = "$(BUILT_PRODUCTS_DIR)/grayscale-1channel-sample.app/grayscale-1channel-sample";
			};
			name = Debug;
		};
		914465BB21CBF4BF00CBBEFA /* Release */ = {
			isa = XCBuildConfiguration;
			buildSettings = {
				ALWAYS_EMBED_SWIFT_STANDARD_LIBRARIES = YES;
				BUNDLE_LOADER = "$(TEST_HOST)";
				CODE_SIGN_STYLE = Automatic;
				INFOPLIST_FILE = "grayscale-1channel-sampleTests/Info.plist";
				LD_RUNPATH_SEARCH_PATHS = (
					"$(inherited)",
					"@executable_path/Frameworks",
					"@loader_path/Frameworks",
				);
				PRODUCT_BUNDLE_IDENTIFIER = "com.dumbass.grayscale-1channel-sampleTests";
				PRODUCT_NAME = "$(TARGET_NAME)";
				SWIFT_VERSION = 4.2;
				TARGETED_DEVICE_FAMILY = "1,2";
				TEST_HOST = "$(BUILT_PRODUCTS_DIR)/grayscale-1channel-sample.app/grayscale-1channel-sample";
			};
			name = Release;
		};
		914465BD21CBF4BF00CBBEFA /* Debug */ = {
			isa = XCBuildConfiguration;
			buildSettings = {
				ALWAYS_EMBED_SWIFT_STANDARD_LIBRARIES = YES;
				CODE_SIGN_STYLE = Automatic;
				INFOPLIST_FILE = "grayscale-1channel-sampleUITests/Info.plist";
				LD_RUNPATH_SEARCH_PATHS = (
					"$(inherited)",
					"@executable_path/Frameworks",
					"@loader_path/Frameworks",
				);
				PRODUCT_BUNDLE_IDENTIFIER = "com.dumbass.grayscale-1channel-sampleUITests";
				PRODUCT_NAME = "$(TARGET_NAME)";
				SWIFT_VERSION = 4.2;
				TARGETED_DEVICE_FAMILY = "1,2";
				TEST_TARGET_NAME = "grayscale-1channel-sample";
			};
			name = Debug;
		};
		914465BE21CBF4BF00CBBEFA /* Release */ = {
			isa = XCBuildConfiguration;
			buildSettings = {
				ALWAYS_EMBED_SWIFT_STANDARD_LIBRARIES = YES;
				CODE_SIGN_STYLE = Automatic;
				INFOPLIST_FILE = "grayscale-1channel-sampleUITests/Info.plist";
				LD_RUNPATH_SEARCH_PATHS = (
					"$(inherited)",
					"@executable_path/Frameworks",
					"@loader_path/Frameworks",
				);
				PRODUCT_BUNDLE_IDENTIFIER = "com.dumbass.grayscale-1channel-sampleUITests";
				PRODUCT_NAME = "$(TARGET_NAME)";
				SWIFT_VERSION = 4.2;
				TARGETED_DEVICE_FAMILY = "1,2";
				TEST_TARGET_NAME = "grayscale-1channel-sample";
			};
			name = Release;
		};
/* End XCBuildConfiguration section */

/* Begin XCConfigurationList section */
		9144658921CBF4BE00CBBEFA /* Build configuration list for PBXProject "grayscale-1channel-sample" */ = {
			isa = XCConfigurationList;
			buildConfigurations = (
				914465B421CBF4BF00CBBEFA /* Debug */,
				914465B521CBF4BF00CBBEFA /* Release */,
			);
			defaultConfigurationIsVisible = 0;
			defaultConfigurationName = Release;
		};
		914465B621CBF4BF00CBBEFA /* Build configuration list for PBXNativeTarget "grayscale-1channel-sample" */ = {
			isa = XCConfigurationList;
			buildConfigurations = (
				914465B721CBF4BF00CBBEFA /* Debug */,
				914465B821CBF4BF00CBBEFA /* Release */,
			);
			defaultConfigurationIsVisible = 0;
			defaultConfigurationName = Release;
		};
		914465B921CBF4BF00CBBEFA /* Build configuration list for PBXNativeTarget "grayscale-1channel-sampleTests" */ = {
			isa = XCConfigurationList;
			buildConfigurations = (
				914465BA21CBF4BF00CBBEFA /* Debug */,
				914465BB21CBF4BF00CBBEFA /* Release */,
			);
			defaultConfigurationIsVisible = 0;
			defaultConfigurationName = Release;
		};
		914465BC21CBF4BF00CBBEFA /* Build configuration list for PBXNativeTarget "grayscale-1channel-sampleUITests" */ = {
			isa = XCConfigurationList;
			buildConfigurations = (
				914465BD21CBF4BF00CBBEFA /* Debug */,
				914465BE21CBF4BF00CBBEFA /* Release */,
			);
			defaultConfigurationIsVisible = 0;
			defaultConfigurationName = Release;
		};
/* End XCConfigurationList section */
	};
	rootObject = 9144658621CBF4BE00CBBEFA /* Project object */;
}
